
Microsoft Visual Studio Solution File, Format Version 12.00
# Visual Studio Version 17
VisualStudioVersion = 17.6.33712.159
MinimumVisualStudioVersion = 10.0.40219.1
Project("{FAE04EC0-301F-11D3-BF4B-00C04F79EFBC}") = "Day-01-HelloWorld", "Day-01-HelloWorld\Day-01-HelloWorld.csproj", "{7BFDC000-2EA5-4BA9-9809-B744D6767E3E}"
EndProject
Project("{FAE04EC0-301F-11D3-BF4B-00C04F79EFBC}") = "Day-02-DataTypes", "Day-02-DataTypes\Day-02-DataTypes.csproj", "{497A9C60-DF91-40E4-A05D-51BBFC8B1451}"
EndProject
Project("{FAE04EC0-301F-11D3-BF4B-00C04F79EFBC}") = "Day-03-Operators", "Day-03-Operators\Day-03-Operators.csproj", "{EA42D271-4208-49CE-AC85-C08E2BB41B58}"
EndProject
Global
	GlobalSection(SolutionConfigurationPlatforms) = preSolution
		Debug|Any CPU = Debug|Any CPU
		Release|Any CPU = Release|Any CPU
	EndGlobalSection
	GlobalSection(ProjectConfigurationPlatforms) = postSolution
		{7BFDC000-2EA5-4BA9-9809-B744D6767E3E}.Debug|Any CPU.ActiveCfg = Debug|Any CPU
		{7BFDC000-2EA5-4BA9-9809-B744D6767E3E}.Debug|Any CPU.Build.0 = Debug|Any CPU
		{7BFDC000-2EA5-4BA9-9809-B744D6767E3E}.Release|Any CPU.ActiveCfg = Release|Any CPU
		{7BFDC000-2EA5-4BA9-9809-B744D6767E3E}.Release|Any CPU.Build.0 = Release|Any CPU
		{497A9C60-DF91-40E4-A05D-51BBFC8B1451}.Debug|Any CPU.ActiveCfg = Debug|Any CPU
		{497A9C60-DF91-40E4-A05D-51BBFC8B1451}.Debug|Any CPU.Build.0 = Debug|Any CPU
		{497A9C60-DF91-40E4-A05D-51BBFC8B1451}.Release|Any CPU.ActiveCfg = Release|Any CPU
		{497A9C60-DF91-40E4-A05D-51BBFC8B1451}.Release|Any CPU.Build.0 = Release|Any CPU
		{EA42D271-4208-49CE-AC85-C08E2BB41B58}.Debug|Any CPU.ActiveCfg = Debug|Any CPU
		{EA42D271-4208-49CE-AC85-C08E2BB41B58}.Debug|Any CPU.Build.0 = Debug|Any CPU
		{EA42D271-4208-49CE-AC85-C08E2BB41B58}.Release|Any CPU.ActiveCfg = Release|Any CPU
		{EA42D271-4208-49CE-AC85-C08E2BB41B58}.Release|Any CPU.Build.0 = Release|Any CPU
	EndGlobalSection
	GlobalSection(SolutionProperties) = preSolution
		HideSolutionNode = FALSE
	EndGlobalSection
	GlobalSection(ExtensibilityGlobals) = postSolution
		SolutionGuid = {781AB25D-585E-4793-BDE8-E0902DF9C28B}
	EndGlobalSection
EndGlobal
