
Microsoft Visual Studio Solution File, Format Version 12.00
# Visual Studio Version 17
VisualStudioVersion = 17.6.33712.159
MinimumVisualStudioVersion = 10.0.40219.1
Project("{FAE04EC0-301F-11D3-BF4B-00C04F79EFBC}") = "Day-01-HelloWorld", "Day-01-HelloWorld\Day-01-HelloWorld.csproj", "{7BFDC000-2EA5-4BA9-9809-B744D6767E3E}"
EndProject
Project("{FAE04EC0-301F-11D3-BF4B-00C04F79EFBC}") = "Day-02-DataTypes", "Day-02-DataTypes\Day-02-DataTypes.csproj", "{497A9C60-DF91-40E4-A05D-51BBFC8B1451}"
EndProject
Project("{FAE04EC0-301F-11D3-BF4B-00C04F79EFBC}") = "Day-03-Operators", "Day-03-Operators\Day-03-Operators.csproj", "{EA42D271-4208-49CE-AC85-C08E2BB41B58}"
EndProject
Project("{FAE04EC0-301F-11D3-BF4B-00C04F79EFBC}") = "Day-04-ConditionalStatements", "Day-04-ConditionalStatements\Day-04-ConditionalStatements.csproj", "{22E11EDE-12CA-4691-837F-0177267441E0}"
EndProject
Project("{FAE04EC0-301F-11D3-BF4B-00C04F79EFBC}") = "Day-05-Class&Instance", "Day-05-Class&Instance\Day-05-Class&Instance.csproj", "{10C1D94E-DC96-47A2-91C0-A1E9E5CE3635}"
EndProject
Project("{FAE04EC0-301F-11D3-BF4B-00C04F79EFBC}") = "Day-06-Loops", "Day-06-Loops\Day-06-Loops.csproj", "{F5309ECC-DC6D-4214-BE7C-81EEFD25ADB2}"
EndProject
Project("{FAE04EC0-301F-11D3-BF4B-00C04F79EFBC}") = "Day-07-ReviewOfDoneByFar", "Day-07-ReviewOfDoneByFar\Day-07-ReviewOfDoneByFar.csproj", "{A873577D-9CCA-4ABC-A492-35E0511A62EE}"
EndProject
Project("{FAE04EC0-301F-11D3-BF4B-00C04F79EFBC}") = "Day-08-Arrays", "Day-08-Arrays\Day-08-Arrays.csproj", "{7866EDC6-897C-41CF-AB3B-61962823ECFC}"
EndProject
Project("{FAE04EC0-301F-11D3-BF4B-00C04F79EFBC}") = "Day-09-Dictionaries&Maps", "Day-09-Dictionaries&Maps\Day-09-Dictionaries&Maps.csproj", "{BF9910AD-4D90-4E18-977B-75E8D34CE699}"
EndProject
Project("{FAE04EC0-301F-11D3-BF4B-00C04F79EFBC}") = "Day-10-Recursion", "Day-10-Recursion\Day-10-Recursion.csproj", "{85D356AF-AACF-4371-B2C4-6C930FB70CE0}"
EndProject
Project("{FAE04EC0-301F-11D3-BF4B-00C04F79EFBC}") = "Day-11-BinaryNumbers", "Day-11-BinaryNumbers\Day-11-BinaryNumbers.csproj", "{9D0520D9-8FFB-43CD-9584-4ED4FC8A45B9}"
EndProject
Project("{FAE04EC0-301F-11D3-BF4B-00C04F79EFBC}") = "Day-12-2DArrays", "Day-12-2DArrays\Day-12-2DArrays.csproj", "{193505F5-AFD5-4B29-AB07-CD78230EEBAF}"
EndProject
Project("{FAE04EC0-301F-11D3-BF4B-00C04F79EFBC}") = "Day-13-Inheritance", "Day-13-Inheritance\Day-13-Inheritance.csproj", "{6FD92C64-4B8B-464B-9417-24EEA754BECB}"
EndProject
Project("{FAE04EC0-301F-11D3-BF4B-00C04F79EFBC}") = "Day-14-AbstractClasses", "Day-14-AbstractClasses\Day-14-AbstractClasses.csproj", "{1456EFDD-1DFF-4CB5-97BA-3505B50F86D8}"
EndProject
Global
	GlobalSection(SolutionConfigurationPlatforms) = preSolution
		Debug|Any CPU = Debug|Any CPU
		Release|Any CPU = Release|Any CPU
	EndGlobalSection
	GlobalSection(ProjectConfigurationPlatforms) = postSolution
		{7BFDC000-2EA5-4BA9-9809-B744D6767E3E}.Debug|Any CPU.ActiveCfg = Debug|Any CPU
		{7BFDC000-2EA5-4BA9-9809-B744D6767E3E}.Debug|Any CPU.Build.0 = Debug|Any CPU
		{7BFDC000-2EA5-4BA9-9809-B744D6767E3E}.Release|Any CPU.ActiveCfg = Release|Any CPU
		{7BFDC000-2EA5-4BA9-9809-B744D6767E3E}.Release|Any CPU.Build.0 = Release|Any CPU
		{497A9C60-DF91-40E4-A05D-51BBFC8B1451}.Debug|Any CPU.ActiveCfg = Debug|Any CPU
		{497A9C60-DF91-40E4-A05D-51BBFC8B1451}.Debug|Any CPU.Build.0 = Debug|Any CPU
		{497A9C60-DF91-40E4-A05D-51BBFC8B1451}.Release|Any CPU.ActiveCfg = Release|Any CPU
		{497A9C60-DF91-40E4-A05D-51BBFC8B1451}.Release|Any CPU.Build.0 = Release|Any CPU
		{EA42D271-4208-49CE-AC85-C08E2BB41B58}.Debug|Any CPU.ActiveCfg = Debug|Any CPU
		{EA42D271-4208-49CE-AC85-C08E2BB41B58}.Debug|Any CPU.Build.0 = Debug|Any CPU
		{EA42D271-4208-49CE-AC85-C08E2BB41B58}.Release|Any CPU.ActiveCfg = Release|Any CPU
		{EA42D271-4208-49CE-AC85-C08E2BB41B58}.Release|Any CPU.Build.0 = Release|Any CPU
		{22E11EDE-12CA-4691-837F-0177267441E0}.Debug|Any CPU.ActiveCfg = Debug|Any CPU
		{22E11EDE-12CA-4691-837F-0177267441E0}.Debug|Any CPU.Build.0 = Debug|Any CPU
		{22E11EDE-12CA-4691-837F-0177267441E0}.Release|Any CPU.ActiveCfg = Release|Any CPU
		{22E11EDE-12CA-4691-837F-0177267441E0}.Release|Any CPU.Build.0 = Release|Any CPU
		{10C1D94E-DC96-47A2-91C0-A1E9E5CE3635}.Debug|Any CPU.ActiveCfg = Debug|Any CPU
		{10C1D94E-DC96-47A2-91C0-A1E9E5CE3635}.Debug|Any CPU.Build.0 = Debug|Any CPU
		{10C1D94E-DC96-47A2-91C0-A1E9E5CE3635}.Release|Any CPU.ActiveCfg = Release|Any CPU
		{10C1D94E-DC96-47A2-91C0-A1E9E5CE3635}.Release|Any CPU.Build.0 = Release|Any CPU
		{F5309ECC-DC6D-4214-BE7C-81EEFD25ADB2}.Debug|Any CPU.ActiveCfg = Debug|Any CPU
		{F5309ECC-DC6D-4214-BE7C-81EEFD25ADB2}.Debug|Any CPU.Build.0 = Debug|Any CPU
		{F5309ECC-DC6D-4214-BE7C-81EEFD25ADB2}.Release|Any CPU.ActiveCfg = Release|Any CPU
		{F5309ECC-DC6D-4214-BE7C-81EEFD25ADB2}.Release|Any CPU.Build.0 = Release|Any CPU
		{A873577D-9CCA-4ABC-A492-35E0511A62EE}.Debug|Any CPU.ActiveCfg = Debug|Any CPU
		{A873577D-9CCA-4ABC-A492-35E0511A62EE}.Debug|Any CPU.Build.0 = Debug|Any CPU
		{A873577D-9CCA-4ABC-A492-35E0511A62EE}.Release|Any CPU.ActiveCfg = Release|Any CPU
		{A873577D-9CCA-4ABC-A492-35E0511A62EE}.Release|Any CPU.Build.0 = Release|Any CPU
		{7866EDC6-897C-41CF-AB3B-61962823ECFC}.Debug|Any CPU.ActiveCfg = Debug|Any CPU
		{7866EDC6-897C-41CF-AB3B-61962823ECFC}.Debug|Any CPU.Build.0 = Debug|Any CPU
		{7866EDC6-897C-41CF-AB3B-61962823ECFC}.Release|Any CPU.ActiveCfg = Release|Any CPU
		{7866EDC6-897C-41CF-AB3B-61962823ECFC}.Release|Any CPU.Build.0 = Release|Any CPU
		{BF9910AD-4D90-4E18-977B-75E8D34CE699}.Debug|Any CPU.ActiveCfg = Debug|Any CPU
		{BF9910AD-4D90-4E18-977B-75E8D34CE699}.Debug|Any CPU.Build.0 = Debug|Any CPU
		{BF9910AD-4D90-4E18-977B-75E8D34CE699}.Release|Any CPU.ActiveCfg = Release|Any CPU
		{BF9910AD-4D90-4E18-977B-75E8D34CE699}.Release|Any CPU.Build.0 = Release|Any CPU
		{85D356AF-AACF-4371-B2C4-6C930FB70CE0}.Debug|Any CPU.ActiveCfg = Debug|Any CPU
		{85D356AF-AACF-4371-B2C4-6C930FB70CE0}.Debug|Any CPU.Build.0 = Debug|Any CPU
		{85D356AF-AACF-4371-B2C4-6C930FB70CE0}.Release|Any CPU.ActiveCfg = Release|Any CPU
		{85D356AF-AACF-4371-B2C4-6C930FB70CE0}.Release|Any CPU.Build.0 = Release|Any CPU
		{9D0520D9-8FFB-43CD-9584-4ED4FC8A45B9}.Debug|Any CPU.ActiveCfg = Debug|Any CPU
		{9D0520D9-8FFB-43CD-9584-4ED4FC8A45B9}.Debug|Any CPU.Build.0 = Debug|Any CPU
		{9D0520D9-8FFB-43CD-9584-4ED4FC8A45B9}.Release|Any CPU.ActiveCfg = Release|Any CPU
		{9D0520D9-8FFB-43CD-9584-4ED4FC8A45B9}.Release|Any CPU.Build.0 = Release|Any CPU
		{193505F5-AFD5-4B29-AB07-CD78230EEBAF}.Debug|Any CPU.ActiveCfg = Debug|Any CPU
		{193505F5-AFD5-4B29-AB07-CD78230EEBAF}.Debug|Any CPU.Build.0 = Debug|Any CPU
		{193505F5-AFD5-4B29-AB07-CD78230EEBAF}.Release|Any CPU.ActiveCfg = Release|Any CPU
		{193505F5-AFD5-4B29-AB07-CD78230EEBAF}.Release|Any CPU.Build.0 = Release|Any CPU
		{6FD92C64-4B8B-464B-9417-24EEA754BECB}.Debug|Any CPU.ActiveCfg = Debug|Any CPU
		{6FD92C64-4B8B-464B-9417-24EEA754BECB}.Debug|Any CPU.Build.0 = Debug|Any CPU
		{6FD92C64-4B8B-464B-9417-24EEA754BECB}.Release|Any CPU.ActiveCfg = Release|Any CPU
		{6FD92C64-4B8B-464B-9417-24EEA754BECB}.Release|Any CPU.Build.0 = Release|Any CPU
		{1456EFDD-1DFF-4CB5-97BA-3505B50F86D8}.Debug|Any CPU.ActiveCfg = Debug|Any CPU
		{1456EFDD-1DFF-4CB5-97BA-3505B50F86D8}.Debug|Any CPU.Build.0 = Debug|Any CPU
		{1456EFDD-1DFF-4CB5-97BA-3505B50F86D8}.Release|Any CPU.ActiveCfg = Release|Any CPU
		{1456EFDD-1DFF-4CB5-97BA-3505B50F86D8}.Release|Any CPU.Build.0 = Release|Any CPU
	EndGlobalSection
	GlobalSection(SolutionProperties) = preSolution
		HideSolutionNode = FALSE
	EndGlobalSection
	GlobalSection(ExtensibilityGlobals) = postSolution
		SolutionGuid = {781AB25D-585E-4793-BDE8-E0902DF9C28B}
	EndGlobalSection
EndGlobal
